
Microsoft Visual Studio Solution File, Format Version 12.00
# Visual Studio 14
VisualStudioVersion = 14.0.25420.1
MinimumVisualStudioVersion = 10.0.40219.1
Project("{FAE04EC0-301F-11D3-BF4B-00C04F79EFBC}") = "ShippingCartTests", "ShippingCartTests\ShippingCartTests.csproj", "{D187CDF0-1B77-45B1-BE09-E04B793049A0}"
EndProject
Project("{FAE04EC0-301F-11D3-BF4B-00C04F79EFBC}") = "ShippingCart", "ShippingCart\ShippingCart.csproj", "{D6A95A7E-AFB9-4F1C-A4AD-8A146C95E781}"
EndProject
Global
	GlobalSection(SolutionConfigurationPlatforms) = preSolution
		Debug|Any CPU = Debug|Any CPU
		Release|Any CPU = Release|Any CPU
	EndGlobalSection
	GlobalSection(ProjectConfigurationPlatforms) = postSolution
		{D187CDF0-1B77-45B1-BE09-E04B793049A0}.Debug|Any CPU.ActiveCfg = Debug|Any CPU
		{D187CDF0-1B77-45B1-BE09-E04B793049A0}.Debug|Any CPU.Build.0 = Debug|Any CPU
		{D187CDF0-1B77-45B1-BE09-E04B793049A0}.Release|Any CPU.ActiveCfg = Release|Any CPU
		{D187CDF0-1B77-45B1-BE09-E04B793049A0}.Release|Any CPU.Build.0 = Release|Any CPU
		{D6A95A7E-AFB9-4F1C-A4AD-8A146C95E781}.Debug|Any CPU.ActiveCfg = Debug|Any CPU
		{D6A95A7E-AFB9-4F1C-A4AD-8A146C95E781}.Debug|Any CPU.Build.0 = Debug|Any CPU
		{D6A95A7E-AFB9-4F1C-A4AD-8A146C95E781}.Release|Any CPU.ActiveCfg = Release|Any CPU
		{D6A95A7E-AFB9-4F1C-A4AD-8A146C95E781}.Release|Any CPU.Build.0 = Release|Any CPU
	EndGlobalSection
	GlobalSection(SolutionProperties) = preSolution
		HideSolutionNode = FALSE
	EndGlobalSection
EndGlobal
